{
  "requires": true,
  "lockfileVersion": 1,
  "dependencies": {
    "fast-base64-decode": {
      "version": "1.0.0",
      "resolved": "https://registry.npmjs.org/fast-base64-decode/-/fast-base64-decode-1.0.0.tgz",
      "integrity": "sha512-qwaScUgUGBYeDNRnbc/KyllVU88Jk1pRHPStuF/lO7B0/RTRLj7U0lkdTAutlBblY08rwZDff6tNU9cjv6j//Q=="
    },
    "react-native-get-random-values": {
      "version": "1.7.2",
      "resolved": "https://registry.npmjs.org/react-native-get-random-values/-/react-native-get-random-values-1.7.2.tgz",
      "integrity": "sha512-28KRYGpIG/upV8+k/qFA+TwGW+yGjmtOHaCduJHpOQK1QUTyhiA6E2IgL4UvvU2dybeCTYFmUi9wcEQ0GiWe5g==",
      "requires": {
        "fast-base64-decode": "^1.0.0"
      }
    }
  }
}
